
Microsoft Visual Studio Solution File, Format Version 12.00
# Visual Studio Version 17
VisualStudioVersion = 17.0.31903.59
MinimumVisualStudioVersion = 10.0.40219.1
Project("{FAE04EC0-301F-11D3-BF4B-00C04F79EFBC}") = "ModbusSensorReader.UI", "ModbusSensorReader.UI\ModbusSensorReader.UI.csproj", "{2E1ADB15-F6BD-4F88-B492-BF4F6C76EC98}"
EndProject
Project("{FAE04EC0-301F-11D3-BF4B-00C04F79EFBC}") = "ModbusSensorReader.Library", "ModbusSensorReader.Library\ModbusSensorReader.Library.csproj", "{13BEF4B6-002F-4448-A975-0E0809991D13}"
EndProject
Global
	GlobalSection(SolutionConfigurationPlatforms) = preSolution
		Debug|Any CPU = Debug|Any CPU
		Release|Any CPU = Release|Any CPU
	EndGlobalSection
	GlobalSection(SolutionProperties) = preSolution
		HideSolutionNode = FALSE
	EndGlobalSection
	GlobalSection(ProjectConfigurationPlatforms) = postSolution
		{2E1ADB15-F6BD-4F88-B492-BF4F6C76EC98}.Debug|Any CPU.ActiveCfg = Debug|Any CPU
		{2E1ADB15-F6BD-4F88-B492-BF4F6C76EC98}.Debug|Any CPU.Build.0 = Debug|Any CPU
		{2E1ADB15-F6BD-4F88-B492-BF4F6C76EC98}.Release|Any CPU.ActiveCfg = Release|Any CPU
		{2E1ADB15-F6BD-4F88-B492-BF4F6C76EC98}.Release|Any CPU.Build.0 = Release|Any CPU
		{13BEF4B6-002F-4448-A975-0E0809991D13}.Debug|Any CPU.ActiveCfg = Debug|Any CPU
		{13BEF4B6-002F-4448-A975-0E0809991D13}.Debug|Any CPU.Build.0 = Debug|Any CPU
		{13BEF4B6-002F-4448-A975-0E0809991D13}.Release|Any CPU.ActiveCfg = Release|Any CPU
		{13BEF4B6-002F-4448-A975-0E0809991D13}.Release|Any CPU.Build.0 = Release|Any CPU
	EndGlobalSection
EndGlobal
